
Microsoft Visual Studio Solution File, Format Version 12.00
# Visual Studio Version 16
VisualStudioVersion = 16.0.30804.86
MinimumVisualStudioVersion = 10.0.40219.1
Project("{9A19103F-16F7-4668-BE54-9A1E7A4F7556}") = "RobbiesMazes.Web", "RobbiesMazes.Web\RobbiesMazes.Web.csproj", "{46BBCDD4-FD6F-40AF-B12E-16AE824156C7}"
EndProject
Project("{FAE04EC0-301F-11D3-BF4B-00C04F79EFBC}") = "RobbiesMazes.Data", "RobbiesMazes.Data\RobbiesMazes.Data.csproj", "{D14FBE21-E2AA-4249-9DB9-E281D7C60217}"
EndProject
Global
	GlobalSection(SolutionConfigurationPlatforms) = preSolution
		Debug|Any CPU = Debug|Any CPU
		Release|Any CPU = Release|Any CPU
	EndGlobalSection
	GlobalSection(ProjectConfigurationPlatforms) = postSolution
		{46BBCDD4-FD6F-40AF-B12E-16AE824156C7}.Debug|Any CPU.ActiveCfg = Debug|Any CPU
		{46BBCDD4-FD6F-40AF-B12E-16AE824156C7}.Debug|Any CPU.Build.0 = Debug|Any CPU
		{46BBCDD4-FD6F-40AF-B12E-16AE824156C7}.Release|Any CPU.ActiveCfg = Release|Any CPU
		{46BBCDD4-FD6F-40AF-B12E-16AE824156C7}.Release|Any CPU.Build.0 = Release|Any CPU
		{D14FBE21-E2AA-4249-9DB9-E281D7C60217}.Debug|Any CPU.ActiveCfg = Debug|Any CPU
		{D14FBE21-E2AA-4249-9DB9-E281D7C60217}.Debug|Any CPU.Build.0 = Debug|Any CPU
		{D14FBE21-E2AA-4249-9DB9-E281D7C60217}.Release|Any CPU.ActiveCfg = Release|Any CPU
		{D14FBE21-E2AA-4249-9DB9-E281D7C60217}.Release|Any CPU.Build.0 = Release|Any CPU
	EndGlobalSection
	GlobalSection(SolutionProperties) = preSolution
		HideSolutionNode = FALSE
	EndGlobalSection
	GlobalSection(ExtensibilityGlobals) = postSolution
		SolutionGuid = {BC14A90E-0337-4D73-994F-14417F532C9F}
	EndGlobalSection
EndGlobal
